{
  "name": "claude-ville",
  "version": "0.1.0",
  "lockfileVersion": 3,
  "requires": true,
  "packages": {
    "": {
      "name": "claude-ville",
      "version": "0.1.0",
      "dependencies": {
        "@typescript/native-preview": "^7.0.0-dev.20260412.1"
      },
      "devDependencies": {
        "@types/node": "^25.6.0",
        "typescript": "^6.0.2"
      }
    },
    "node_modules/@types/node": {
      "version": "25.6.0",
      "resolved": "https://registry.npmjs.org/@types/node/-/node-25.6.0.tgz",
      "integrity": "sha512-+qIYRKdNYJwY3vRCZMdJbPLJAtGjQBudzZzdzwQYkEPQd+PJGixUL5QfvCLDaULoLv+RhT3LDkwEfKaAkgSmNQ==",
      "dev": true,
      "license": "MIT",
      "dependencies": {
        "undici-types": "~7.19.0"
      }
    },
    "node_modules/@typescript/native-preview": {
      "version": "7.0.0-dev.20260412.1",
      "resolved": "https://registry.npmjs.org/@typescript/native-preview/-/native-preview-7.0.0-dev.20260412.1.tgz",
      "integrity": "sha512-tDw3XZt2BkjAlt/MJmnFGmbe9lgKmc5wezmrMoBIEvJcqz+/KVpVBVvjbkZoaiABnJmuG3G3b6IUFrEveTw6UQ==",
      "license": "Apache-2.0",
      "bin": {
        "tsgo": "bin/tsgo.js"
      },
      "optionalDependencies": {
        "@typescript/native-preview-darwin-arm64": "7.0.0-dev.20260412.1",
        "@typescript/native-preview-darwin-x64": "7.0.0-dev.20260412.1",
        "@typescript/native-preview-linux-arm": "7.0.0-dev.20260412.1",
        "@typescript/native-preview-linux-arm64": "7.0.0-dev.20260412.1",
        "@typescript/native-preview-linux-x64": "7.0.0-dev.20260412.1",
        "@typescript/native-preview-win32-arm64": "7.0.0-dev.20260412.1",
        "@typescript/native-preview-win32-x64": "7.0.0-dev.20260412.1"
      }
    },
    "node_modules/@typescript/native-preview-darwin-arm64": {
      "version": "7.0.0-dev.20260412.1",
      "resolved": "https://registry.npmjs.org/@typescript/native-preview-darwin-arm64/-/native-preview-darwin-arm64-7.0.0-dev.20260412.1.tgz",
      "integrity": "sha512-sSkFG+hjtRWffg6FddF3dEkk7N3TRMEqfiUpixwcWhXgyocMdPw8wutTvQRBxQdgxeL9y01M2SO8A8YPPiEgVg==",
      "cpu": [
        "arm64"
      ],
      "license": "Apache-2.0",
      "optional": true,
      "os": [
        "darwin"
      ]
    },
    "node_modules/@typescript/native-preview-darwin-x64": {
      "version": "7.0.0-dev.20260412.1",
      "resolved": "https://registry.npmjs.org/@typescript/native-preview-darwin-x64/-/native-preview-darwin-x64-7.0.0-dev.20260412.1.tgz",
      "integrity": "sha512-m2BTeaLkrHEEDg0D9snigddy01qTY+wgx+W+GpXAfx36PPvW4xWuGXNVWfSaB8bqAC9C8NeLnT/C9/G/rJ5v2w==",
      "cpu": [
        "x64"
      ],
      "license": "Apache-2.0",
      "optional": true,
      "os": [
        "darwin"
      ]
    },
    "node_modules/@typescript/native-preview-linux-arm": {
      "version": "7.0.0-dev.20260412.1",
      "resolved": "https://registry.npmjs.org/@typescript/native-preview-linux-arm/-/native-preview-linux-arm-7.0.0-dev.20260412.1.tgz",
      "integrity": "sha512-wDLekbfsfmKMWORg7CTnEnpKj8oXpU/6AEBrtVN9CEUCiQAe6yH878nZHhJNzWQXHtrtFf3lY49Yplqmdxja3w==",
      "cpu": [
        "arm"
      ],
      "license": "Apache-2.0",
      "optional": true,
      "os": [
        "linux"
      ]
    },
    "node_modules/@typescript/native-preview-linux-arm64": {
      "version": "7.0.0-dev.20260412.1",
      "resolved": "https://registry.npmjs.org/@typescript/native-preview-linux-arm64/-/native-preview-linux-arm64-7.0.0-dev.20260412.1.tgz",
      "integrity": "sha512-JAdsG6MlVV1hoAUKPy8zxAL7xLeNxz8JgCbLCJVqW8EyH29R9FD4cFTqr7CSIRTNUEDzDTrgnXUyoRtDe1gr+w==",
      "cpu": [
        "arm64"
      ],
      "license": "Apache-2.0",
      "optional": true,
      "os": [
        "linux"
      ]
    },
    "node_modules/@typescript/native-preview-linux-x64": {
      "version": "7.0.0-dev.20260412.1",
      "resolved": "https://registry.npmjs.org/@typescript/native-preview-linux-x64/-/native-preview-linux-x64-7.0.0-dev.20260412.1.tgz",
      "integrity": "sha512-gYgppiQIqid3jZ7D8THh4k3Q+4bwidrQH6SL9Xgbk1qfP6/jwv8twuPqDOfZ+cK2OD55lQHp15fOh2lMNAC40Q==",
      "cpu": [
        "x64"
      ],
      "license": "Apache-2.0",
      "optional": true,
      "os": [
        "linux"
      ]
    },
    "node_modules/@typescript/native-preview-win32-arm64": {
      "version": "7.0.0-dev.20260412.1",
      "resolved": "https://registry.npmjs.org/@typescript/native-preview-win32-arm64/-/native-preview-win32-arm64-7.0.0-dev.20260412.1.tgz",
      "integrity": "sha512-TOh7rH5H3jisHJqRXJSjmUGMzcbNBocS/hufhXPQIv+g3pdG5IKZoSnv3SV62I5d12FFDSS5KQon5MQPnOKAHg==",
      "cpu": [
        "arm64"
      ],
      "license": "Apache-2.0",
      "optional": true,
      "os": [
        "win32"
      ]
    },
    "node_modules/@typescript/native-preview-win32-x64": {
      "version": "7.0.0-dev.20260412.1",
      "resolved": "https://registry.npmjs.org/@typescript/native-preview-win32-x64/-/native-preview-win32-x64-7.0.0-dev.20260412.1.tgz",
      "integrity": "sha512-u+70wL89wspN1wKoX6FVNUATRGCG3BpleByP3H/UqOZvlwuMm8N7Gy8hEbM0U8bDyAuyP/daUfTBVkqXjjv9mA==",
      "cpu": [
        "x64"
      ],
      "license": "Apache-2.0",
      "optional": true,
      "os": [
        "win32"
      ]
    },
    "node_modules/typescript": {
      "version": "6.0.2",
      "resolved": "https://registry.npmjs.org/typescript/-/typescript-6.0.2.tgz",
      "integrity": "sha512-bGdAIrZ0wiGDo5l8c++HWtbaNCWTS4UTv7RaTH/ThVIgjkveJt83m74bBHMJkuCbslY8ixgLBVZJIOiQlQTjfQ==",
      "dev": true,
      "license": "Apache-2.0",
      "bin": {
        "tsc": "bin/tsc",
        "tsserver": "bin/tsserver"
      },
      "engines": {
        "node": ">=14.17"
      }
    },
    "node_modules/undici-types": {
      "version": "7.19.2",
      "resolved": "https://registry.npmjs.org/undici-types/-/undici-types-7.19.2.tgz",
      "integrity": "sha512-qYVnV5OEm2AW8cJMCpdV20CDyaN3g0AjDlOGf1OW4iaDEx8MwdtChUp4zu4H0VP3nDRF/8RKWH+IPp9uW0YGZg==",
      "dev": true,
      "license": "MIT"
    }
  }
}
